
Microsoft Visual Studio Solution File, Format Version 12.00
# Visual Studio Version 17
VisualStudioVersion = 17.1.32210.238
MinimumVisualStudioVersion = 10.0.40219.1
Project("{FAE04EC0-301F-11D3-BF4B-00C04F79EFBC}") = "Pract_pr_22", "Pract_pr_22\Pract_pr_22.csproj", "{2F876EF1-2FEC-45F3-9EC3-139179353B97}"
EndProject
Global
	GlobalSection(SolutionConfigurationPlatforms) = preSolution
		Debug|Any CPU = Debug|Any CPU
		Release|Any CPU = Release|Any CPU
	EndGlobalSection
	GlobalSection(ProjectConfigurationPlatforms) = postSolution
		{2F876EF1-2FEC-45F3-9EC3-139179353B97}.Debug|Any CPU.ActiveCfg = Debug|Any CPU
		{2F876EF1-2FEC-45F3-9EC3-139179353B97}.Debug|Any CPU.Build.0 = Debug|Any CPU
		{2F876EF1-2FEC-45F3-9EC3-139179353B97}.Release|Any CPU.ActiveCfg = Release|Any CPU
		{2F876EF1-2FEC-45F3-9EC3-139179353B97}.Release|Any CPU.Build.0 = Release|Any CPU
	EndGlobalSection
	GlobalSection(SolutionProperties) = preSolution
		HideSolutionNode = FALSE
	EndGlobalSection
	GlobalSection(ExtensibilityGlobals) = postSolution
		SolutionGuid = {BFB5731E-0AE4-43D3-8BEA-C59D316A2E47}
	EndGlobalSection
EndGlobal
